
Microsoft Visual Studio Solution File, Format Version 12.00
# Visual Studio Version 16
VisualStudioVersion = 16.0.30320.27
MinimumVisualStudioVersion = 10.0.40219.1
Project("{9A19103F-16F7-4668-BE54-9A1E7A4F7556}") = "Mamma60_GuestForm", "Mamma60_GuestForm\Mamma60_GuestForm.csproj", "{0F161146-CA59-46B9-A816-BE79147EA771}"
EndProject
Global
	GlobalSection(SolutionConfigurationPlatforms) = preSolution
		Debug|Any CPU = Debug|Any CPU
		Release|Any CPU = Release|Any CPU
	EndGlobalSection
	GlobalSection(ProjectConfigurationPlatforms) = postSolution
		{0F161146-CA59-46B9-A816-BE79147EA771}.Debug|Any CPU.ActiveCfg = Debug|Any CPU
		{0F161146-CA59-46B9-A816-BE79147EA771}.Debug|Any CPU.Build.0 = Debug|Any CPU
		{0F161146-CA59-46B9-A816-BE79147EA771}.Release|Any CPU.ActiveCfg = Release|Any CPU
		{0F161146-CA59-46B9-A816-BE79147EA771}.Release|Any CPU.Build.0 = Release|Any CPU
	EndGlobalSection
	GlobalSection(SolutionProperties) = preSolution
		HideSolutionNode = FALSE
	EndGlobalSection
	GlobalSection(ExtensibilityGlobals) = postSolution
		SolutionGuid = {89A40695-03F6-45B1-A252-75EADE2F28B2}
	EndGlobalSection
EndGlobal
